
Microsoft Visual Studio Solution File, Format Version 12.00
# Visual Studio 15
VisualStudioVersion = 15.0.27004.2010
MinimumVisualStudioVersion = 10.0.40219.1
Project("{FAE04EC0-301F-11D3-BF4B-00C04F79EFBC}") = "qiniu_upload_csharp", "qiniu_upload_csharp\qiniu_upload_csharp.csproj", "{61908CB2-38EE-48E9-9459-00328DF122D1}"
EndProject
Global
	GlobalSection(SolutionConfigurationPlatforms) = preSolution
		Debug|Any CPU = Debug|Any CPU
		Debug|x86 = Debug|x86
		Release|Any CPU = Release|Any CPU
		Release|x86 = Release|x86
	EndGlobalSection
	GlobalSection(ProjectConfigurationPlatforms) = postSolution
		{61908CB2-38EE-48E9-9459-00328DF122D1}.Debug|Any CPU.ActiveCfg = Debug|Any CPU
		{61908CB2-38EE-48E9-9459-00328DF122D1}.Debug|Any CPU.Build.0 = Debug|Any CPU
		{61908CB2-38EE-48E9-9459-00328DF122D1}.Debug|x86.ActiveCfg = Debug|Any CPU
		{61908CB2-38EE-48E9-9459-00328DF122D1}.Debug|x86.Build.0 = Debug|Any CPU
		{61908CB2-38EE-48E9-9459-00328DF122D1}.Release|Any CPU.ActiveCfg = Release|Any CPU
		{61908CB2-38EE-48E9-9459-00328DF122D1}.Release|Any CPU.Build.0 = Release|Any CPU
		{61908CB2-38EE-48E9-9459-00328DF122D1}.Release|x86.ActiveCfg = Release|Any CPU
		{61908CB2-38EE-48E9-9459-00328DF122D1}.Release|x86.Build.0 = Release|Any CPU
	EndGlobalSection
	GlobalSection(SolutionProperties) = preSolution
		HideSolutionNode = FALSE
	EndGlobalSection
	GlobalSection(ExtensibilityGlobals) = postSolution
		SolutionGuid = {2A069C55-F69B-41B3-974F-06E511483CE7}
	EndGlobalSection
EndGlobal
